
Microsoft Visual Studio Solution File, Format Version 12.00
# Visual Studio Version 16
VisualStudioVersion = 16.0.31702.278
MinimumVisualStudioVersion = 10.0.40219.1
Project("{FAE04EC0-301F-11D3-BF4B-00C04F79EFBC}") = "Ecommerce", "Ecommerce\Ecommerce.csproj", "{76967F5B-166E-484B-83C3-BACEB985ACC9}"
EndProject
Project("{FAE04EC0-301F-11D3-BF4B-00C04F79EFBC}") = "Product", "Product\Product.csproj", "{90D52F2D-69A4-4181-AF01-FE1B59BF4A18}"
EndProject
Project("{FAE04EC0-301F-11D3-BF4B-00C04F79EFBC}") = "Customer", "Customer\Customer.csproj", "{289A14CD-74A0-4936-A0CD-E80740D57C7D}"
EndProject
Global
	GlobalSection(SolutionConfigurationPlatforms) = preSolution
		Debug|Any CPU = Debug|Any CPU
		Release|Any CPU = Release|Any CPU
	EndGlobalSection
	GlobalSection(ProjectConfigurationPlatforms) = postSolution
		{76967F5B-166E-484B-83C3-BACEB985ACC9}.Debug|Any CPU.ActiveCfg = Debug|Any CPU
		{76967F5B-166E-484B-83C3-BACEB985ACC9}.Debug|Any CPU.Build.0 = Debug|Any CPU
		{76967F5B-166E-484B-83C3-BACEB985ACC9}.Release|Any CPU.ActiveCfg = Release|Any CPU
		{76967F5B-166E-484B-83C3-BACEB985ACC9}.Release|Any CPU.Build.0 = Release|Any CPU
		{90D52F2D-69A4-4181-AF01-FE1B59BF4A18}.Debug|Any CPU.ActiveCfg = Debug|Any CPU
		{90D52F2D-69A4-4181-AF01-FE1B59BF4A18}.Debug|Any CPU.Build.0 = Debug|Any CPU
		{90D52F2D-69A4-4181-AF01-FE1B59BF4A18}.Release|Any CPU.ActiveCfg = Release|Any CPU
		{90D52F2D-69A4-4181-AF01-FE1B59BF4A18}.Release|Any CPU.Build.0 = Release|Any CPU
		{289A14CD-74A0-4936-A0CD-E80740D57C7D}.Debug|Any CPU.ActiveCfg = Debug|Any CPU
		{289A14CD-74A0-4936-A0CD-E80740D57C7D}.Debug|Any CPU.Build.0 = Debug|Any CPU
		{289A14CD-74A0-4936-A0CD-E80740D57C7D}.Release|Any CPU.ActiveCfg = Release|Any CPU
		{289A14CD-74A0-4936-A0CD-E80740D57C7D}.Release|Any CPU.Build.0 = Release|Any CPU
	EndGlobalSection
	GlobalSection(SolutionProperties) = preSolution
		HideSolutionNode = FALSE
	EndGlobalSection
	GlobalSection(ExtensibilityGlobals) = postSolution
		SolutionGuid = {463C3759-38AF-440C-BED7-484A3BB9F3CB}
	EndGlobalSection
EndGlobal
